{
  "name": "react-components-rxc",
  "version": "1.0.0",
  "lockfileVersion": 1,
  "requires": true,
  "dependencies": {
    "scss-modules-for-rxc": {
      "version": "file:scss-modules-for-rxc-1.0.2.tgz",
      "integrity": "sha512-im2gXwbXWYJZ21EgbojMoiO2Yf1AQRFxenV4Eq4NxV1zrv54zzewiRrDVhnhIrIedSmm6EjQI6FNDZK9FCpfLg=="
    }
  }
}
